
Microsoft Visual Studio Solution File, Format Version 12.00
# Visual Studio Version 16
VisualStudioVersion = 16.0.30907.101
MinimumVisualStudioVersion = 10.0.40219.1
Project("{FAE04EC0-301F-11D3-BF4B-00C04F79EFBC}") = "Simple Hideout Calculator", "Simple Hideout Calculator\Simple Hideout Calculator.csproj", "{58C79775-DF64-4A34-A9A1-0DD7A7E0752B}"
EndProject
Global
	GlobalSection(SolutionConfigurationPlatforms) = preSolution
		Debug|Any CPU = Debug|Any CPU
		Release|Any CPU = Release|Any CPU
	EndGlobalSection
	GlobalSection(ProjectConfigurationPlatforms) = postSolution
		{58C79775-DF64-4A34-A9A1-0DD7A7E0752B}.Debug|Any CPU.ActiveCfg = Debug|Any CPU
		{58C79775-DF64-4A34-A9A1-0DD7A7E0752B}.Debug|Any CPU.Build.0 = Debug|Any CPU
		{58C79775-DF64-4A34-A9A1-0DD7A7E0752B}.Release|Any CPU.ActiveCfg = Release|Any CPU
		{58C79775-DF64-4A34-A9A1-0DD7A7E0752B}.Release|Any CPU.Build.0 = Release|Any CPU
	EndGlobalSection
	GlobalSection(SolutionProperties) = preSolution
		HideSolutionNode = FALSE
	EndGlobalSection
	GlobalSection(ExtensibilityGlobals) = postSolution
		SolutionGuid = {7E30C1C6-DF60-4C02-87D9-F44C6C98A9F3}
	EndGlobalSection
EndGlobal
